
Microsoft Visual Studio Solution File, Format Version 12.00
# Visual Studio Version 16
VisualStudioVersion = 16.0.29102.190
MinimumVisualStudioVersion = 10.0.40219.1
Project("{2150E333-8FDC-42A3-9474-1A3956D46DE8}") = ".nuget", ".nuget", "{DA5F4334-0717-4BD4-8D45-E19D59A56743}"
	ProjectSection(SolutionItems) = preProject
		.nuget\NuGet.Config = .nuget\NuGet.Config
		.nuget\NuGet.exe = .nuget\NuGet.exe
		.nuget\NuGet.targets = .nuget\NuGet.targets
	EndProjectSection
EndProject
Project("{2150E333-8FDC-42A3-9474-1A3956D46DE8}") = "Solution Items", "Solution Items", "{5117B95B-5B2A-4C1F-98A6-F8C820EF3B14}"
	ProjectSection(SolutionItems) = preProject
		DplB2bPlatform.pssln = DplB2bPlatform.pssln
		WE-browsers.xml = WE-browsers.xml
	EndProjectSection
EndProject
Project("{9A19103F-16F7-4668-BE54-9A1E7A4F7556}") = "Dpl.B2b.Web.Api", "Dpl.B2b.Web.Api\Dpl.B2b.Web.Api.csproj", "{E055B8C3-8ECF-4FFB-BBE2-468CB7E2668E}"
EndProject
Project("{9A19103F-16F7-4668-BE54-9A1E7A4F7556}") = "Dpl.B2b.Web", "Dpl.B2b.Web\Dpl.B2b.Web.csproj", "{1CB43B9A-A997-40C6-8E6A-DDF5111697D4}"
EndProject
Project("{9A19103F-16F7-4668-BE54-9A1E7A4F7556}") = "Dpl.B2b.BusinessLogic", "Dpl.B2b.BusinessLogic\Dpl.B2b.BusinessLogic.csproj", "{8F403BC5-FC75-4B14-9A89-DA66993257B8}"
EndProject
Project("{9A19103F-16F7-4668-BE54-9A1E7A4F7556}") = "Dpl.B2b.Dal", "Dpl.B2b.Dal\Dpl.B2b.Dal.csproj", "{1D7E50A4-501F-47BB-BA85-F892AFFCCFB7}"
EndProject
Project("{9A19103F-16F7-4668-BE54-9A1E7A4F7556}") = "Dpl.B2b.Contracts", "Dpl.B2b.Contracts\Dpl.B2b.Contracts.csproj", "{9344B3E2-72A9-469C-B5C3-6B8DCC60A9A2}"
EndProject
Project("{9A19103F-16F7-4668-BE54-9A1E7A4F7556}") = "Dpl.B2b.Sync", "Dpl.B2b.Sync\Dpl.B2b.Sync.csproj", "{ABDD084C-4E85-45A3-B632-7781DD2B0A1B}"
EndProject
Project("{9A19103F-16F7-4668-BE54-9A1E7A4F7556}") = "Dpl.B2b.Cli", "Dpl.B2b.Cli\Dpl.B2b.Cli.csproj", "{597DC173-EC61-4222-B166-2EEA69DDBBCD}"
EndProject
Project("{9A19103F-16F7-4668-BE54-9A1E7A4F7556}") = "Dpl.B2b.Common", "Dpl.B2b.Common\Dpl.B2b.Common.csproj", "{B616FFEE-ABBD-467E-AF57-DF746E20A1FE}"
EndProject
Project("{9A19103F-16F7-4668-BE54-9A1E7A4F7556}") = "Dpl.B2b.Live2LMSService", "Dpl.B2b.Live2LMSService\Dpl.B2b.Live2LMSService.csproj", "{D5BC61D4-96C9-4D02-92C5-4F1D347188DD}"
EndProject
Global
	GlobalSection(SolutionConfigurationPlatforms) = preSolution
		Azure|Any CPU = Azure|Any CPU
		Debug|Any CPU = Debug|Any CPU
		Demo|Any CPU = Demo|Any CPU
		Development|Any CPU = Development|Any CPU
		Dvit|Any CPU = Dvit|Any CPU
		Dvit1|Any CPU = Dvit1|Any CPU
		Dvit3|Any CPU = Dvit3|Any CPU
		Fait|Any CPU = Fait|Any CPU
		Fait1|Any CPU = Fait1|Any CPU
		KTChrist|Any CPU = KTChrist|Any CPU
		KTOswald|Any CPU = KTOswald|Any CPU
		KTTziolis|Any CPU = KTTziolis|Any CPU
		Migration|Any CPU = Migration|Any CPU
		Preview|Any CPU = Preview|Any CPU
		Release|Any CPU = Release|Any CPU
	EndGlobalSection
	GlobalSection(ProjectConfigurationPlatforms) = postSolution
		{E055B8C3-8ECF-4FFB-BBE2-468CB7E2668E}.Azure|Any CPU.ActiveCfg = Release|Any CPU
		{E055B8C3-8ECF-4FFB-BBE2-468CB7E2668E}.Azure|Any CPU.Build.0 = Release|Any CPU
		{E055B8C3-8ECF-4FFB-BBE2-468CB7E2668E}.Debug|Any CPU.ActiveCfg = Debug|Any CPU
		{E055B8C3-8ECF-4FFB-BBE2-468CB7E2668E}.Debug|Any CPU.Build.0 = Debug|Any CPU
		{E055B8C3-8ECF-4FFB-BBE2-468CB7E2668E}.Demo|Any CPU.ActiveCfg = Demo|Any CPU
		{E055B8C3-8ECF-4FFB-BBE2-468CB7E2668E}.Demo|Any CPU.Build.0 = Demo|Any CPU
		{E055B8C3-8ECF-4FFB-BBE2-468CB7E2668E}.Development|Any CPU.ActiveCfg = Demo|Any CPU
		{E055B8C3-8ECF-4FFB-BBE2-468CB7E2668E}.Development|Any CPU.Build.0 = Demo|Any CPU
		{E055B8C3-8ECF-4FFB-BBE2-468CB7E2668E}.Dvit|Any CPU.ActiveCfg = Debug|Any CPU
		{E055B8C3-8ECF-4FFB-BBE2-468CB7E2668E}.Dvit|Any CPU.Build.0 = Debug|Any CPU
		{E055B8C3-8ECF-4FFB-BBE2-468CB7E2668E}.Dvit1|Any CPU.ActiveCfg = Debug|Any CPU
		{E055B8C3-8ECF-4FFB-BBE2-468CB7E2668E}.Dvit1|Any CPU.Build.0 = Debug|Any CPU
		{E055B8C3-8ECF-4FFB-BBE2-468CB7E2668E}.Dvit3|Any CPU.ActiveCfg = Debug|Any CPU
		{E055B8C3-8ECF-4FFB-BBE2-468CB7E2668E}.Dvit3|Any CPU.Build.0 = Debug|Any CPU
		{E055B8C3-8ECF-4FFB-BBE2-468CB7E2668E}.Fait|Any CPU.ActiveCfg = Debug|Any CPU
		{E055B8C3-8ECF-4FFB-BBE2-468CB7E2668E}.Fait|Any CPU.Build.0 = Debug|Any CPU
		{E055B8C3-8ECF-4FFB-BBE2-468CB7E2668E}.Fait1|Any CPU.ActiveCfg = Debug|Any CPU
		{E055B8C3-8ECF-4FFB-BBE2-468CB7E2668E}.Fait1|Any CPU.Build.0 = Debug|Any CPU
		{E055B8C3-8ECF-4FFB-BBE2-468CB7E2668E}.KTChrist|Any CPU.ActiveCfg = Debug|Any CPU
		{E055B8C3-8ECF-4FFB-BBE2-468CB7E2668E}.KTChrist|Any CPU.Build.0 = Debug|Any CPU
		{E055B8C3-8ECF-4FFB-BBE2-468CB7E2668E}.KTOswald|Any CPU.ActiveCfg = Debug|Any CPU
		{E055B8C3-8ECF-4FFB-BBE2-468CB7E2668E}.KTOswald|Any CPU.Build.0 = Debug|Any CPU
		{E055B8C3-8ECF-4FFB-BBE2-468CB7E2668E}.KTTziolis|Any CPU.ActiveCfg = Debug|Any CPU
		{E055B8C3-8ECF-4FFB-BBE2-468CB7E2668E}.KTTziolis|Any CPU.Build.0 = Debug|Any CPU
		{E055B8C3-8ECF-4FFB-BBE2-468CB7E2668E}.Migration|Any CPU.ActiveCfg = Debug|Any CPU
		{E055B8C3-8ECF-4FFB-BBE2-468CB7E2668E}.Migration|Any CPU.Build.0 = Debug|Any CPU
		{E055B8C3-8ECF-4FFB-BBE2-468CB7E2668E}.Preview|Any CPU.ActiveCfg = Debug|Any CPU
		{E055B8C3-8ECF-4FFB-BBE2-468CB7E2668E}.Preview|Any CPU.Build.0 = Debug|Any CPU
		{E055B8C3-8ECF-4FFB-BBE2-468CB7E2668E}.Release|Any CPU.ActiveCfg = Release|Any CPU
		{E055B8C3-8ECF-4FFB-BBE2-468CB7E2668E}.Release|Any CPU.Build.0 = Release|Any CPU
		{1CB43B9A-A997-40C6-8E6A-DDF5111697D4}.Azure|Any CPU.ActiveCfg = Release|Any CPU
		{1CB43B9A-A997-40C6-8E6A-DDF5111697D4}.Azure|Any CPU.Build.0 = Release|Any CPU
		{1CB43B9A-A997-40C6-8E6A-DDF5111697D4}.Debug|Any CPU.ActiveCfg = Debug|Any CPU
		{1CB43B9A-A997-40C6-8E6A-DDF5111697D4}.Debug|Any CPU.Build.0 = Debug|Any CPU
		{1CB43B9A-A997-40C6-8E6A-DDF5111697D4}.Demo|Any CPU.ActiveCfg = Demo|Any CPU
		{1CB43B9A-A997-40C6-8E6A-DDF5111697D4}.Demo|Any CPU.Build.0 = Demo|Any CPU
		{1CB43B9A-A997-40C6-8E6A-DDF5111697D4}.Development|Any CPU.ActiveCfg = Demo|Any CPU
		{1CB43B9A-A997-40C6-8E6A-DDF5111697D4}.Development|Any CPU.Build.0 = Demo|Any CPU
		{1CB43B9A-A997-40C6-8E6A-DDF5111697D4}.Dvit|Any CPU.ActiveCfg = Debug|Any CPU
		{1CB43B9A-A997-40C6-8E6A-DDF5111697D4}.Dvit|Any CPU.Build.0 = Debug|Any CPU
		{1CB43B9A-A997-40C6-8E6A-DDF5111697D4}.Dvit1|Any CPU.ActiveCfg = Debug|Any CPU
		{1CB43B9A-A997-40C6-8E6A-DDF5111697D4}.Dvit1|Any CPU.Build.0 = Debug|Any CPU
		{1CB43B9A-A997-40C6-8E6A-DDF5111697D4}.Dvit3|Any CPU.ActiveCfg = Debug|Any CPU
		{1CB43B9A-A997-40C6-8E6A-DDF5111697D4}.Dvit3|Any CPU.Build.0 = Debug|Any CPU
		{1CB43B9A-A997-40C6-8E6A-DDF5111697D4}.Fait|Any CPU.ActiveCfg = Debug|Any CPU
		{1CB43B9A-A997-40C6-8E6A-DDF5111697D4}.Fait|Any CPU.Build.0 = Debug|Any CPU
		{1CB43B9A-A997-40C6-8E6A-DDF5111697D4}.Fait1|Any CPU.ActiveCfg = Debug|Any CPU
		{1CB43B9A-A997-40C6-8E6A-DDF5111697D4}.Fait1|Any CPU.Build.0 = Debug|Any CPU
		{1CB43B9A-A997-40C6-8E6A-DDF5111697D4}.KTChrist|Any CPU.ActiveCfg = Debug|Any CPU
		{1CB43B9A-A997-40C6-8E6A-DDF5111697D4}.KTChrist|Any CPU.Build.0 = Debug|Any CPU
		{1CB43B9A-A997-40C6-8E6A-DDF5111697D4}.KTOswald|Any CPU.ActiveCfg = Debug|Any CPU
		{1CB43B9A-A997-40C6-8E6A-DDF5111697D4}.KTOswald|Any CPU.Build.0 = Debug|Any CPU
		{1CB43B9A-A997-40C6-8E6A-DDF5111697D4}.KTTziolis|Any CPU.ActiveCfg = Debug|Any CPU
		{1CB43B9A-A997-40C6-8E6A-DDF5111697D4}.KTTziolis|Any CPU.Build.0 = Debug|Any CPU
		{1CB43B9A-A997-40C6-8E6A-DDF5111697D4}.Migration|Any CPU.ActiveCfg = Debug|Any CPU
		{1CB43B9A-A997-40C6-8E6A-DDF5111697D4}.Migration|Any CPU.Build.0 = Debug|Any CPU
		{1CB43B9A-A997-40C6-8E6A-DDF5111697D4}.Preview|Any CPU.ActiveCfg = Debug|Any CPU
		{1CB43B9A-A997-40C6-8E6A-DDF5111697D4}.Preview|Any CPU.Build.0 = Debug|Any CPU
		{1CB43B9A-A997-40C6-8E6A-DDF5111697D4}.Release|Any CPU.ActiveCfg = Release|Any CPU
		{1CB43B9A-A997-40C6-8E6A-DDF5111697D4}.Release|Any CPU.Build.0 = Release|Any CPU
		{8F403BC5-FC75-4B14-9A89-DA66993257B8}.Azure|Any CPU.ActiveCfg = Release|Any CPU
		{8F403BC5-FC75-4B14-9A89-DA66993257B8}.Azure|Any CPU.Build.0 = Release|Any CPU
		{8F403BC5-FC75-4B14-9A89-DA66993257B8}.Debug|Any CPU.ActiveCfg = Debug|Any CPU
		{8F403BC5-FC75-4B14-9A89-DA66993257B8}.Debug|Any CPU.Build.0 = Debug|Any CPU
		{8F403BC5-FC75-4B14-9A89-DA66993257B8}.Demo|Any CPU.ActiveCfg = Release|Any CPU
		{8F403BC5-FC75-4B14-9A89-DA66993257B8}.Demo|Any CPU.Build.0 = Release|Any CPU
		{8F403BC5-FC75-4B14-9A89-DA66993257B8}.Development|Any CPU.ActiveCfg = Debug|Any CPU
		{8F403BC5-FC75-4B14-9A89-DA66993257B8}.Development|Any CPU.Build.0 = Debug|Any CPU
		{8F403BC5-FC75-4B14-9A89-DA66993257B8}.Dvit|Any CPU.ActiveCfg = Debug|Any CPU
		{8F403BC5-FC75-4B14-9A89-DA66993257B8}.Dvit|Any CPU.Build.0 = Debug|Any CPU
		{8F403BC5-FC75-4B14-9A89-DA66993257B8}.Dvit1|Any CPU.ActiveCfg = Debug|Any CPU
		{8F403BC5-FC75-4B14-9A89-DA66993257B8}.Dvit1|Any CPU.Build.0 = Debug|Any CPU
		{8F403BC5-FC75-4B14-9A89-DA66993257B8}.Dvit3|Any CPU.ActiveCfg = Debug|Any CPU
		{8F403BC5-FC75-4B14-9A89-DA66993257B8}.Dvit3|Any CPU.Build.0 = Debug|Any CPU
		{8F403BC5-FC75-4B14-9A89-DA66993257B8}.Fait|Any CPU.ActiveCfg = Debug|Any CPU
		{8F403BC5-FC75-4B14-9A89-DA66993257B8}.Fait|Any CPU.Build.0 = Debug|Any CPU
		{8F403BC5-FC75-4B14-9A89-DA66993257B8}.Fait1|Any CPU.ActiveCfg = Debug|Any CPU
		{8F403BC5-FC75-4B14-9A89-DA66993257B8}.Fait1|Any CPU.Build.0 = Debug|Any CPU
		{8F403BC5-FC75-4B14-9A89-DA66993257B8}.KTChrist|Any CPU.ActiveCfg = Debug|Any CPU
		{8F403BC5-FC75-4B14-9A89-DA66993257B8}.KTChrist|Any CPU.Build.0 = Debug|Any CPU
		{8F403BC5-FC75-4B14-9A89-DA66993257B8}.KTOswald|Any CPU.ActiveCfg = Debug|Any CPU
		{8F403BC5-FC75-4B14-9A89-DA66993257B8}.KTOswald|Any CPU.Build.0 = Debug|Any CPU
		{8F403BC5-FC75-4B14-9A89-DA66993257B8}.KTTziolis|Any CPU.ActiveCfg = Debug|Any CPU
		{8F403BC5-FC75-4B14-9A89-DA66993257B8}.KTTziolis|Any CPU.Build.0 = Debug|Any CPU
		{8F403BC5-FC75-4B14-9A89-DA66993257B8}.Migration|Any CPU.ActiveCfg = Debug|Any CPU
		{8F403BC5-FC75-4B14-9A89-DA66993257B8}.Migration|Any CPU.Build.0 = Debug|Any CPU
		{8F403BC5-FC75-4B14-9A89-DA66993257B8}.Preview|Any CPU.ActiveCfg = Debug|Any CPU
		{8F403BC5-FC75-4B14-9A89-DA66993257B8}.Preview|Any CPU.Build.0 = Debug|Any CPU
		{8F403BC5-FC75-4B14-9A89-DA66993257B8}.Release|Any CPU.ActiveCfg = Release|Any CPU
		{8F403BC5-FC75-4B14-9A89-DA66993257B8}.Release|Any CPU.Build.0 = Release|Any CPU
		{1D7E50A4-501F-47BB-BA85-F892AFFCCFB7}.Azure|Any CPU.ActiveCfg = Migration|Any CPU
		{1D7E50A4-501F-47BB-BA85-F892AFFCCFB7}.Azure|Any CPU.Build.0 = Migration|Any CPU
		{1D7E50A4-501F-47BB-BA85-F892AFFCCFB7}.Debug|Any CPU.ActiveCfg = Debug|Any CPU
		{1D7E50A4-501F-47BB-BA85-F892AFFCCFB7}.Debug|Any CPU.Build.0 = Debug|Any CPU
		{1D7E50A4-501F-47BB-BA85-F892AFFCCFB7}.Demo|Any CPU.ActiveCfg = Release|Any CPU
		{1D7E50A4-501F-47BB-BA85-F892AFFCCFB7}.Demo|Any CPU.Build.0 = Release|Any CPU
		{1D7E50A4-501F-47BB-BA85-F892AFFCCFB7}.Development|Any CPU.ActiveCfg = Debug|Any CPU
		{1D7E50A4-501F-47BB-BA85-F892AFFCCFB7}.Development|Any CPU.Build.0 = Debug|Any CPU
		{1D7E50A4-501F-47BB-BA85-F892AFFCCFB7}.Dvit|Any CPU.ActiveCfg = Debug|Any CPU
		{1D7E50A4-501F-47BB-BA85-F892AFFCCFB7}.Dvit|Any CPU.Build.0 = Debug|Any CPU
		{1D7E50A4-501F-47BB-BA85-F892AFFCCFB7}.Dvit1|Any CPU.ActiveCfg = Debug|Any CPU
		{1D7E50A4-501F-47BB-BA85-F892AFFCCFB7}.Dvit1|Any CPU.Build.0 = Debug|Any CPU
		{1D7E50A4-501F-47BB-BA85-F892AFFCCFB7}.Dvit3|Any CPU.ActiveCfg = Debug|Any CPU
		{1D7E50A4-501F-47BB-BA85-F892AFFCCFB7}.Dvit3|Any CPU.Build.0 = Debug|Any CPU
		{1D7E50A4-501F-47BB-BA85-F892AFFCCFB7}.Fait|Any CPU.ActiveCfg = Debug|Any CPU
		{1D7E50A4-501F-47BB-BA85-F892AFFCCFB7}.Fait|Any CPU.Build.0 = Debug|Any CPU
		{1D7E50A4-501F-47BB-BA85-F892AFFCCFB7}.Fait1|Any CPU.ActiveCfg = Debug|Any CPU
		{1D7E50A4-501F-47BB-BA85-F892AFFCCFB7}.Fait1|Any CPU.Build.0 = Debug|Any CPU
		{1D7E50A4-501F-47BB-BA85-F892AFFCCFB7}.KTChrist|Any CPU.ActiveCfg = Debug|Any CPU
		{1D7E50A4-501F-47BB-BA85-F892AFFCCFB7}.KTChrist|Any CPU.Build.0 = Debug|Any CPU
		{1D7E50A4-501F-47BB-BA85-F892AFFCCFB7}.KTOswald|Any CPU.ActiveCfg = Debug|Any CPU
		{1D7E50A4-501F-47BB-BA85-F892AFFCCFB7}.KTOswald|Any CPU.Build.0 = Debug|Any CPU
		{1D7E50A4-501F-47BB-BA85-F892AFFCCFB7}.KTTziolis|Any CPU.ActiveCfg = Debug|Any CPU
		{1D7E50A4-501F-47BB-BA85-F892AFFCCFB7}.KTTziolis|Any CPU.Build.0 = Debug|Any CPU
		{1D7E50A4-501F-47BB-BA85-F892AFFCCFB7}.Migration|Any CPU.ActiveCfg = Migration|Any CPU
		{1D7E50A4-501F-47BB-BA85-F892AFFCCFB7}.Migration|Any CPU.Build.0 = Migration|Any CPU
		{1D7E50A4-501F-47BB-BA85-F892AFFCCFB7}.Preview|Any CPU.ActiveCfg = Debug|Any CPU
		{1D7E50A4-501F-47BB-BA85-F892AFFCCFB7}.Preview|Any CPU.Build.0 = Debug|Any CPU
		{1D7E50A4-501F-47BB-BA85-F892AFFCCFB7}.Release|Any CPU.ActiveCfg = Release|Any CPU
		{1D7E50A4-501F-47BB-BA85-F892AFFCCFB7}.Release|Any CPU.Build.0 = Release|Any CPU
		{9344B3E2-72A9-469C-B5C3-6B8DCC60A9A2}.Azure|Any CPU.ActiveCfg = Release|Any CPU
		{9344B3E2-72A9-469C-B5C3-6B8DCC60A9A2}.Azure|Any CPU.Build.0 = Release|Any CPU
		{9344B3E2-72A9-469C-B5C3-6B8DCC60A9A2}.Debug|Any CPU.ActiveCfg = Debug|Any CPU
		{9344B3E2-72A9-469C-B5C3-6B8DCC60A9A2}.Debug|Any CPU.Build.0 = Debug|Any CPU
		{9344B3E2-72A9-469C-B5C3-6B8DCC60A9A2}.Demo|Any CPU.ActiveCfg = Release|Any CPU
		{9344B3E2-72A9-469C-B5C3-6B8DCC60A9A2}.Demo|Any CPU.Build.0 = Release|Any CPU
		{9344B3E2-72A9-469C-B5C3-6B8DCC60A9A2}.Development|Any CPU.ActiveCfg = Debug|Any CPU
		{9344B3E2-72A9-469C-B5C3-6B8DCC60A9A2}.Development|Any CPU.Build.0 = Debug|Any CPU
		{9344B3E2-72A9-469C-B5C3-6B8DCC60A9A2}.Dvit|Any CPU.ActiveCfg = Debug|Any CPU
		{9344B3E2-72A9-469C-B5C3-6B8DCC60A9A2}.Dvit|Any CPU.Build.0 = Debug|Any CPU
		{9344B3E2-72A9-469C-B5C3-6B8DCC60A9A2}.Dvit1|Any CPU.ActiveCfg = Debug|Any CPU
		{9344B3E2-72A9-469C-B5C3-6B8DCC60A9A2}.Dvit1|Any CPU.Build.0 = Debug|Any CPU
		{9344B3E2-72A9-469C-B5C3-6B8DCC60A9A2}.Dvit3|Any CPU.ActiveCfg = Debug|Any CPU
		{9344B3E2-72A9-469C-B5C3-6B8DCC60A9A2}.Dvit3|Any CPU.Build.0 = Debug|Any CPU
		{9344B3E2-72A9-469C-B5C3-6B8DCC60A9A2}.Fait|Any CPU.ActiveCfg = Debug|Any CPU
		{9344B3E2-72A9-469C-B5C3-6B8DCC60A9A2}.Fait|Any CPU.Build.0 = Debug|Any CPU
		{9344B3E2-72A9-469C-B5C3-6B8DCC60A9A2}.Fait1|Any CPU.ActiveCfg = Debug|Any CPU
		{9344B3E2-72A9-469C-B5C3-6B8DCC60A9A2}.Fait1|Any CPU.Build.0 = Debug|Any CPU
		{9344B3E2-72A9-469C-B5C3-6B8DCC60A9A2}.KTChrist|Any CPU.ActiveCfg = Debug|Any CPU
		{9344B3E2-72A9-469C-B5C3-6B8DCC60A9A2}.KTChrist|Any CPU.Build.0 = Debug|Any CPU
		{9344B3E2-72A9-469C-B5C3-6B8DCC60A9A2}.KTOswald|Any CPU.ActiveCfg = Debug|Any CPU
		{9344B3E2-72A9-469C-B5C3-6B8DCC60A9A2}.KTOswald|Any CPU.Build.0 = Debug|Any CPU
		{9344B3E2-72A9-469C-B5C3-6B8DCC60A9A2}.KTTziolis|Any CPU.ActiveCfg = Debug|Any CPU
		{9344B3E2-72A9-469C-B5C3-6B8DCC60A9A2}.KTTziolis|Any CPU.Build.0 = Debug|Any CPU
		{9344B3E2-72A9-469C-B5C3-6B8DCC60A9A2}.Migration|Any CPU.ActiveCfg = Debug|Any CPU
		{9344B3E2-72A9-469C-B5C3-6B8DCC60A9A2}.Migration|Any CPU.Build.0 = Debug|Any CPU
		{9344B3E2-72A9-469C-B5C3-6B8DCC60A9A2}.Preview|Any CPU.ActiveCfg = Debug|Any CPU
		{9344B3E2-72A9-469C-B5C3-6B8DCC60A9A2}.Preview|Any CPU.Build.0 = Debug|Any CPU
		{9344B3E2-72A9-469C-B5C3-6B8DCC60A9A2}.Release|Any CPU.ActiveCfg = Release|Any CPU
		{9344B3E2-72A9-469C-B5C3-6B8DCC60A9A2}.Release|Any CPU.Build.0 = Release|Any CPU
		{ABDD084C-4E85-45A3-B632-7781DD2B0A1B}.Azure|Any CPU.ActiveCfg = Release|Any CPU
		{ABDD084C-4E85-45A3-B632-7781DD2B0A1B}.Azure|Any CPU.Build.0 = Release|Any CPU
		{ABDD084C-4E85-45A3-B632-7781DD2B0A1B}.Debug|Any CPU.ActiveCfg = Debug|Any CPU
		{ABDD084C-4E85-45A3-B632-7781DD2B0A1B}.Debug|Any CPU.Build.0 = Debug|Any CPU
		{ABDD084C-4E85-45A3-B632-7781DD2B0A1B}.Demo|Any CPU.ActiveCfg = Release|Any CPU
		{ABDD084C-4E85-45A3-B632-7781DD2B0A1B}.Demo|Any CPU.Build.0 = Release|Any CPU
		{ABDD084C-4E85-45A3-B632-7781DD2B0A1B}.Development|Any CPU.ActiveCfg = Debug|Any CPU
		{ABDD084C-4E85-45A3-B632-7781DD2B0A1B}.Development|Any CPU.Build.0 = Debug|Any CPU
		{ABDD084C-4E85-45A3-B632-7781DD2B0A1B}.Dvit|Any CPU.ActiveCfg = Debug|Any CPU
		{ABDD084C-4E85-45A3-B632-7781DD2B0A1B}.Dvit|Any CPU.Build.0 = Debug|Any CPU
		{ABDD084C-4E85-45A3-B632-7781DD2B0A1B}.Dvit1|Any CPU.ActiveCfg = Debug|Any CPU
		{ABDD084C-4E85-45A3-B632-7781DD2B0A1B}.Dvit1|Any CPU.Build.0 = Debug|Any CPU
		{ABDD084C-4E85-45A3-B632-7781DD2B0A1B}.Dvit3|Any CPU.ActiveCfg = Debug|Any CPU
		{ABDD084C-4E85-45A3-B632-7781DD2B0A1B}.Dvit3|Any CPU.Build.0 = Debug|Any CPU
		{ABDD084C-4E85-45A3-B632-7781DD2B0A1B}.Fait|Any CPU.ActiveCfg = Debug|Any CPU
		{ABDD084C-4E85-45A3-B632-7781DD2B0A1B}.Fait|Any CPU.Build.0 = Debug|Any CPU
		{ABDD084C-4E85-45A3-B632-7781DD2B0A1B}.Fait1|Any CPU.ActiveCfg = Debug|Any CPU
		{ABDD084C-4E85-45A3-B632-7781DD2B0A1B}.Fait1|Any CPU.Build.0 = Debug|Any CPU
		{ABDD084C-4E85-45A3-B632-7781DD2B0A1B}.KTChrist|Any CPU.ActiveCfg = Debug|Any CPU
		{ABDD084C-4E85-45A3-B632-7781DD2B0A1B}.KTChrist|Any CPU.Build.0 = Debug|Any CPU
		{ABDD084C-4E85-45A3-B632-7781DD2B0A1B}.KTOswald|Any CPU.ActiveCfg = Debug|Any CPU
		{ABDD084C-4E85-45A3-B632-7781DD2B0A1B}.KTOswald|Any CPU.Build.0 = Debug|Any CPU
		{ABDD084C-4E85-45A3-B632-7781DD2B0A1B}.KTTziolis|Any CPU.ActiveCfg = Debug|Any CPU
		{ABDD084C-4E85-45A3-B632-7781DD2B0A1B}.KTTziolis|Any CPU.Build.0 = Debug|Any CPU
		{ABDD084C-4E85-45A3-B632-7781DD2B0A1B}.Migration|Any CPU.ActiveCfg = Debug|Any CPU
		{ABDD084C-4E85-45A3-B632-7781DD2B0A1B}.Migration|Any CPU.Build.0 = Debug|Any CPU
		{ABDD084C-4E85-45A3-B632-7781DD2B0A1B}.Preview|Any CPU.ActiveCfg = Debug|Any CPU
		{ABDD084C-4E85-45A3-B632-7781DD2B0A1B}.Preview|Any CPU.Build.0 = Debug|Any CPU
		{ABDD084C-4E85-45A3-B632-7781DD2B0A1B}.Release|Any CPU.ActiveCfg = Release|Any CPU
		{ABDD084C-4E85-45A3-B632-7781DD2B0A1B}.Release|Any CPU.Build.0 = Release|Any CPU
		{597DC173-EC61-4222-B166-2EEA69DDBBCD}.Azure|Any CPU.ActiveCfg = Release|Any CPU
		{597DC173-EC61-4222-B166-2EEA69DDBBCD}.Azure|Any CPU.Build.0 = Release|Any CPU
		{597DC173-EC61-4222-B166-2EEA69DDBBCD}.Debug|Any CPU.ActiveCfg = Debug|Any CPU
		{597DC173-EC61-4222-B166-2EEA69DDBBCD}.Debug|Any CPU.Build.0 = Debug|Any CPU
		{597DC173-EC61-4222-B166-2EEA69DDBBCD}.Demo|Any CPU.ActiveCfg = Release|Any CPU
		{597DC173-EC61-4222-B166-2EEA69DDBBCD}.Demo|Any CPU.Build.0 = Release|Any CPU
		{597DC173-EC61-4222-B166-2EEA69DDBBCD}.Development|Any CPU.ActiveCfg = Debug|Any CPU
		{597DC173-EC61-4222-B166-2EEA69DDBBCD}.Development|Any CPU.Build.0 = Debug|Any CPU
		{597DC173-EC61-4222-B166-2EEA69DDBBCD}.Dvit|Any CPU.ActiveCfg = Debug|Any CPU
		{597DC173-EC61-4222-B166-2EEA69DDBBCD}.Dvit|Any CPU.Build.0 = Debug|Any CPU
		{597DC173-EC61-4222-B166-2EEA69DDBBCD}.Dvit1|Any CPU.ActiveCfg = Debug|Any CPU
		{597DC173-EC61-4222-B166-2EEA69DDBBCD}.Dvit1|Any CPU.Build.0 = Debug|Any CPU
		{597DC173-EC61-4222-B166-2EEA69DDBBCD}.Dvit3|Any CPU.ActiveCfg = Debug|Any CPU
		{597DC173-EC61-4222-B166-2EEA69DDBBCD}.Dvit3|Any CPU.Build.0 = Debug|Any CPU
		{597DC173-EC61-4222-B166-2EEA69DDBBCD}.Fait|Any CPU.ActiveCfg = Debug|Any CPU
		{597DC173-EC61-4222-B166-2EEA69DDBBCD}.Fait|Any CPU.Build.0 = Debug|Any CPU
		{597DC173-EC61-4222-B166-2EEA69DDBBCD}.Fait1|Any CPU.ActiveCfg = Debug|Any CPU
		{597DC173-EC61-4222-B166-2EEA69DDBBCD}.Fait1|Any CPU.Build.0 = Debug|Any CPU
		{597DC173-EC61-4222-B166-2EEA69DDBBCD}.KTChrist|Any CPU.ActiveCfg = Debug|Any CPU
		{597DC173-EC61-4222-B166-2EEA69DDBBCD}.KTChrist|Any CPU.Build.0 = Debug|Any CPU
		{597DC173-EC61-4222-B166-2EEA69DDBBCD}.KTOswald|Any CPU.ActiveCfg = Debug|Any CPU
		{597DC173-EC61-4222-B166-2EEA69DDBBCD}.KTOswald|Any CPU.Build.0 = Debug|Any CPU
		{597DC173-EC61-4222-B166-2EEA69DDBBCD}.KTTziolis|Any CPU.ActiveCfg = Debug|Any CPU
		{597DC173-EC61-4222-B166-2EEA69DDBBCD}.KTTziolis|Any CPU.Build.0 = Debug|Any CPU
		{597DC173-EC61-4222-B166-2EEA69DDBBCD}.Migration|Any CPU.ActiveCfg = Debug|Any CPU
		{597DC173-EC61-4222-B166-2EEA69DDBBCD}.Migration|Any CPU.Build.0 = Debug|Any CPU
		{597DC173-EC61-4222-B166-2EEA69DDBBCD}.Preview|Any CPU.ActiveCfg = Debug|Any CPU
		{597DC173-EC61-4222-B166-2EEA69DDBBCD}.Preview|Any CPU.Build.0 = Debug|Any CPU
		{597DC173-EC61-4222-B166-2EEA69DDBBCD}.Release|Any CPU.ActiveCfg = Release|Any CPU
		{597DC173-EC61-4222-B166-2EEA69DDBBCD}.Release|Any CPU.Build.0 = Release|Any CPU
		{B616FFEE-ABBD-467E-AF57-DF746E20A1FE}.Azure|Any CPU.ActiveCfg = Release|Any CPU
		{B616FFEE-ABBD-467E-AF57-DF746E20A1FE}.Azure|Any CPU.Build.0 = Release|Any CPU
		{B616FFEE-ABBD-467E-AF57-DF746E20A1FE}.Debug|Any CPU.ActiveCfg = Debug|Any CPU
		{B616FFEE-ABBD-467E-AF57-DF746E20A1FE}.Debug|Any CPU.Build.0 = Debug|Any CPU
		{B616FFEE-ABBD-467E-AF57-DF746E20A1FE}.Demo|Any CPU.ActiveCfg = Release|Any CPU
		{B616FFEE-ABBD-467E-AF57-DF746E20A1FE}.Demo|Any CPU.Build.0 = Release|Any CPU
		{B616FFEE-ABBD-467E-AF57-DF746E20A1FE}.Development|Any CPU.ActiveCfg = Debug|Any CPU
		{B616FFEE-ABBD-467E-AF57-DF746E20A1FE}.Development|Any CPU.Build.0 = Debug|Any CPU
		{B616FFEE-ABBD-467E-AF57-DF746E20A1FE}.Dvit|Any CPU.ActiveCfg = Debug|Any CPU
		{B616FFEE-ABBD-467E-AF57-DF746E20A1FE}.Dvit|Any CPU.Build.0 = Debug|Any CPU
		{B616FFEE-ABBD-467E-AF57-DF746E20A1FE}.Dvit1|Any CPU.ActiveCfg = Debug|Any CPU
		{B616FFEE-ABBD-467E-AF57-DF746E20A1FE}.Dvit1|Any CPU.Build.0 = Debug|Any CPU
		{B616FFEE-ABBD-467E-AF57-DF746E20A1FE}.Dvit3|Any CPU.ActiveCfg = Debug|Any CPU
		{B616FFEE-ABBD-467E-AF57-DF746E20A1FE}.Dvit3|Any CPU.Build.0 = Debug|Any CPU
		{B616FFEE-ABBD-467E-AF57-DF746E20A1FE}.Fait|Any CPU.ActiveCfg = Debug|Any CPU
		{B616FFEE-ABBD-467E-AF57-DF746E20A1FE}.Fait|Any CPU.Build.0 = Debug|Any CPU
		{B616FFEE-ABBD-467E-AF57-DF746E20A1FE}.Fait1|Any CPU.ActiveCfg = Debug|Any CPU
		{B616FFEE-ABBD-467E-AF57-DF746E20A1FE}.Fait1|Any CPU.Build.0 = Debug|Any CPU
		{B616FFEE-ABBD-467E-AF57-DF746E20A1FE}.KTChrist|Any CPU.ActiveCfg = Debug|Any CPU
		{B616FFEE-ABBD-467E-AF57-DF746E20A1FE}.KTChrist|Any CPU.Build.0 = Debug|Any CPU
		{B616FFEE-ABBD-467E-AF57-DF746E20A1FE}.KTOswald|Any CPU.ActiveCfg = Debug|Any CPU
		{B616FFEE-ABBD-467E-AF57-DF746E20A1FE}.KTOswald|Any CPU.Build.0 = Debug|Any CPU
		{B616FFEE-ABBD-467E-AF57-DF746E20A1FE}.KTTziolis|Any CPU.ActiveCfg = Debug|Any CPU
		{B616FFEE-ABBD-467E-AF57-DF746E20A1FE}.KTTziolis|Any CPU.Build.0 = Debug|Any CPU
		{B616FFEE-ABBD-467E-AF57-DF746E20A1FE}.Migration|Any CPU.ActiveCfg = Debug|Any CPU
		{B616FFEE-ABBD-467E-AF57-DF746E20A1FE}.Migration|Any CPU.Build.0 = Debug|Any CPU
		{B616FFEE-ABBD-467E-AF57-DF746E20A1FE}.Preview|Any CPU.ActiveCfg = Debug|Any CPU
		{B616FFEE-ABBD-467E-AF57-DF746E20A1FE}.Preview|Any CPU.Build.0 = Debug|Any CPU
		{B616FFEE-ABBD-467E-AF57-DF746E20A1FE}.Release|Any CPU.ActiveCfg = Release|Any CPU
		{B616FFEE-ABBD-467E-AF57-DF746E20A1FE}.Release|Any CPU.Build.0 = Release|Any CPU
		{D5BC61D4-96C9-4D02-92C5-4F1D347188DD}.Azure|Any CPU.ActiveCfg = Release|Any CPU
		{D5BC61D4-96C9-4D02-92C5-4F1D347188DD}.Azure|Any CPU.Build.0 = Release|Any CPU
		{D5BC61D4-96C9-4D02-92C5-4F1D347188DD}.Debug|Any CPU.ActiveCfg = Debug|Any CPU
		{D5BC61D4-96C9-4D02-92C5-4F1D347188DD}.Debug|Any CPU.Build.0 = Debug|Any CPU
		{D5BC61D4-96C9-4D02-92C5-4F1D347188DD}.Demo|Any CPU.ActiveCfg = Debug|Any CPU
		{D5BC61D4-96C9-4D02-92C5-4F1D347188DD}.Demo|Any CPU.Build.0 = Debug|Any CPU
		{D5BC61D4-96C9-4D02-92C5-4F1D347188DD}.Development|Any CPU.ActiveCfg = Debug|Any CPU
		{D5BC61D4-96C9-4D02-92C5-4F1D347188DD}.Development|Any CPU.Build.0 = Debug|Any CPU
		{D5BC61D4-96C9-4D02-92C5-4F1D347188DD}.Dvit|Any CPU.ActiveCfg = Debug|Any CPU
		{D5BC61D4-96C9-4D02-92C5-4F1D347188DD}.Dvit|Any CPU.Build.0 = Debug|Any CPU
		{D5BC61D4-96C9-4D02-92C5-4F1D347188DD}.Dvit1|Any CPU.ActiveCfg = Debug|Any CPU
		{D5BC61D4-96C9-4D02-92C5-4F1D347188DD}.Dvit1|Any CPU.Build.0 = Debug|Any CPU
		{D5BC61D4-96C9-4D02-92C5-4F1D347188DD}.Dvit3|Any CPU.ActiveCfg = Debug|Any CPU
		{D5BC61D4-96C9-4D02-92C5-4F1D347188DD}.Dvit3|Any CPU.Build.0 = Debug|Any CPU
		{D5BC61D4-96C9-4D02-92C5-4F1D347188DD}.Fait|Any CPU.ActiveCfg = Release|Any CPU
		{D5BC61D4-96C9-4D02-92C5-4F1D347188DD}.Fait|Any CPU.Build.0 = Release|Any CPU
		{D5BC61D4-96C9-4D02-92C5-4F1D347188DD}.Fait1|Any CPU.ActiveCfg = Debug|Any CPU
		{D5BC61D4-96C9-4D02-92C5-4F1D347188DD}.Fait1|Any CPU.Build.0 = Debug|Any CPU
		{D5BC61D4-96C9-4D02-92C5-4F1D347188DD}.KTChrist|Any CPU.ActiveCfg = Debug|Any CPU
		{D5BC61D4-96C9-4D02-92C5-4F1D347188DD}.KTChrist|Any CPU.Build.0 = Debug|Any CPU
		{D5BC61D4-96C9-4D02-92C5-4F1D347188DD}.KTOswald|Any CPU.ActiveCfg = Debug|Any CPU
		{D5BC61D4-96C9-4D02-92C5-4F1D347188DD}.KTOswald|Any CPU.Build.0 = Debug|Any CPU
		{D5BC61D4-96C9-4D02-92C5-4F1D347188DD}.KTTziolis|Any CPU.ActiveCfg = Debug|Any CPU
		{D5BC61D4-96C9-4D02-92C5-4F1D347188DD}.KTTziolis|Any CPU.Build.0 = Debug|Any CPU
		{D5BC61D4-96C9-4D02-92C5-4F1D347188DD}.Migration|Any CPU.ActiveCfg = Debug|Any CPU
		{D5BC61D4-96C9-4D02-92C5-4F1D347188DD}.Migration|Any CPU.Build.0 = Debug|Any CPU
		{D5BC61D4-96C9-4D02-92C5-4F1D347188DD}.Preview|Any CPU.ActiveCfg = Debug|Any CPU
		{D5BC61D4-96C9-4D02-92C5-4F1D347188DD}.Preview|Any CPU.Build.0 = Debug|Any CPU
		{D5BC61D4-96C9-4D02-92C5-4F1D347188DD}.Release|Any CPU.ActiveCfg = Release|Any CPU
		{D5BC61D4-96C9-4D02-92C5-4F1D347188DD}.Release|Any CPU.Build.0 = Release|Any CPU
		{AA072669-84F4-46C1-8BD3-0706275095FF}.Azure|Any CPU.ActiveCfg = Development
		{AA072669-84F4-46C1-8BD3-0706275095FF}.Azure|Any CPU.Build.0 = Development
		{AA072669-84F4-46C1-8BD3-0706275095FF}.Debug|Any CPU.ActiveCfg = Development
		{AA072669-84F4-46C1-8BD3-0706275095FF}.Debug|Any CPU.Build.0 = Development
		{AA072669-84F4-46C1-8BD3-0706275095FF}.Demo|Any CPU.ActiveCfg = Development
		{AA072669-84F4-46C1-8BD3-0706275095FF}.Demo|Any CPU.Build.0 = Development
		{AA072669-84F4-46C1-8BD3-0706275095FF}.Development|Any CPU.ActiveCfg = Development
		{AA072669-84F4-46C1-8BD3-0706275095FF}.Development|Any CPU.Build.0 = Development
		{AA072669-84F4-46C1-8BD3-0706275095FF}.Dvit|Any CPU.ActiveCfg = Development
		{AA072669-84F4-46C1-8BD3-0706275095FF}.Dvit|Any CPU.Build.0 = Development
		{AA072669-84F4-46C1-8BD3-0706275095FF}.Dvit1|Any CPU.ActiveCfg = Development
		{AA072669-84F4-46C1-8BD3-0706275095FF}.Dvit1|Any CPU.Build.0 = Development
		{AA072669-84F4-46C1-8BD3-0706275095FF}.Dvit3|Any CPU.ActiveCfg = Development
		{AA072669-84F4-46C1-8BD3-0706275095FF}.Dvit3|Any CPU.Build.0 = Development
		{AA072669-84F4-46C1-8BD3-0706275095FF}.Fait|Any CPU.ActiveCfg = Development
		{AA072669-84F4-46C1-8BD3-0706275095FF}.Fait|Any CPU.Build.0 = Development
		{AA072669-84F4-46C1-8BD3-0706275095FF}.Fait1|Any CPU.ActiveCfg = Development
		{AA072669-84F4-46C1-8BD3-0706275095FF}.Fait1|Any CPU.Build.0 = Development
		{AA072669-84F4-46C1-8BD3-0706275095FF}.KTChrist|Any CPU.ActiveCfg = Development
		{AA072669-84F4-46C1-8BD3-0706275095FF}.KTChrist|Any CPU.Build.0 = Development
		{AA072669-84F4-46C1-8BD3-0706275095FF}.KTOswald|Any CPU.ActiveCfg = Development
		{AA072669-84F4-46C1-8BD3-0706275095FF}.KTOswald|Any CPU.Build.0 = Development
		{AA072669-84F4-46C1-8BD3-0706275095FF}.KTTziolis|Any CPU.ActiveCfg = Development
		{AA072669-84F4-46C1-8BD3-0706275095FF}.KTTziolis|Any CPU.Build.0 = Development
		{AA072669-84F4-46C1-8BD3-0706275095FF}.Migration|Any CPU.ActiveCfg = Development
		{AA072669-84F4-46C1-8BD3-0706275095FF}.Migration|Any CPU.Build.0 = Development
		{AA072669-84F4-46C1-8BD3-0706275095FF}.Preview|Any CPU.ActiveCfg = Development
		{AA072669-84F4-46C1-8BD3-0706275095FF}.Preview|Any CPU.Build.0 = Development
		{AA072669-84F4-46C1-8BD3-0706275095FF}.Release|Any CPU.ActiveCfg = Development
		{AA072669-84F4-46C1-8BD3-0706275095FF}.Release|Any CPU.Build.0 = Development
	EndGlobalSection
	GlobalSection(SolutionProperties) = preSolution
		HideSolutionNode = FALSE
	EndGlobalSection
	GlobalSection(ExtensibilityGlobals) = postSolution
		SolutionGuid = {868B7ADE-3C48-44AC-B14C-A00BBD926B71}
	EndGlobalSection
	GlobalSection(Performance) = preSolution
		HasPerformanceSessions = true
	EndGlobalSection
EndGlobal
